
Microsoft Visual Studio Solution File, Format Version 12.00
# Visual Studio Version 17
VisualStudioVersion = 17.2.32616.157
MinimumVisualStudioVersion = 10.0.40219.1
Project("{FAE04EC0-301F-11D3-BF4B-00C04F79EFBC}") = "MiLectorDeVoz", "MiLectorDeVoz\MiLectorDeVoz.csproj", "{062D94A2-F1B7-4097-AF8A-EAC9E1D7285F}"
EndProject
Global
	GlobalSection(SolutionConfigurationPlatforms) = preSolution
		Debug|Any CPU = Debug|Any CPU
		Release|Any CPU = Release|Any CPU
	EndGlobalSection
	GlobalSection(ProjectConfigurationPlatforms) = postSolution
		{062D94A2-F1B7-4097-AF8A-EAC9E1D7285F}.Debug|Any CPU.ActiveCfg = Debug|Any CPU
		{062D94A2-F1B7-4097-AF8A-EAC9E1D7285F}.Debug|Any CPU.Build.0 = Debug|Any CPU
		{062D94A2-F1B7-4097-AF8A-EAC9E1D7285F}.Release|Any CPU.ActiveCfg = Release|Any CPU
		{062D94A2-F1B7-4097-AF8A-EAC9E1D7285F}.Release|Any CPU.Build.0 = Release|Any CPU
	EndGlobalSection
	GlobalSection(SolutionProperties) = preSolution
		HideSolutionNode = FALSE
	EndGlobalSection
	GlobalSection(ExtensibilityGlobals) = postSolution
		SolutionGuid = {93AE5C17-424C-48C9-B849-76BB4366C289}
	EndGlobalSection
EndGlobal
